// !$*UTF8*$!
{
	archiveVersion = 1;
	classes = {
	};
	objectVersion = 77;
	objects = {

/* Begin PBXBuildFile section */
		680F9C5A2F6404360014193B /* AddReminderView.swift in Sources */ = {isa = PBXBuildFile; fileRef = 680F9C542F6404360014193B /* AddReminderView.swift */; };
		680F9C5B2F6404360014193B /* RemindersListView.swift in Sources */ = {isa = PBXBuildFile; fileRef = 680F9C562F6404360014193B /* RemindersListView.swift */; };
		680F9C5C2F6404360014193B /* Make_It_SoApp.swift in Sources */ = {isa = PBXBuildFile; fileRef = 680F9C572F6404360014193B /* Make_It_SoApp.swift */; };
		680F9C5D2F6404360014193B /* Reminder.swift in Sources */ = {isa = PBXBuildFile; fileRef = 680F9C582F6404360014193B /* Reminder.swift */; };
		680F9C5E2F6404360014193B /* Assets.xcassets in Resources */ = {isa = PBXBuildFile; fileRef = 680F9C552F6404360014193B /* Assets.xcassets */; };
		680F9C652F6404C80014193B /* RemindersListViewModel.swift in Sources */ = {isa = PBXBuildFile; fileRef = 680F9C642F6404C80014193B /* RemindersListViewModel.swift */; };
		680F9C6A2F6407F40014193B /* ReminderRow.swift in Sources */ = {isa = PBXBuildFile; fileRef = 680F9C692F6407F40014193B /* ReminderRow.swift */; };
		680F9C6D2F64097E0014193B /* ReminderToggleStyle.swift in Sources */ = {isa = PBXBuildFile; fileRef = 680F9C6C2F64097E0014193B /* ReminderToggleStyle.swift */; };
		680F9C6F2F640DB20014193B /* GoogleService-Info.plist in Resources */ = {isa = PBXBuildFile; fileRef = 680F9C6E2F640DB20014193B /* GoogleService-Info.plist */; };
		680F9C722F640FAA0014193B /* FirebaseAnalytics in Frameworks */ = {isa = PBXBuildFile; productRef = 680F9C712F640FAA0014193B /* FirebaseAnalytics */; };
		680F9C742F640FAA0014193B /* FirebaseAuth in Frameworks */ = {isa = PBXBuildFile; productRef = 680F9C732F640FAA0014193B /* FirebaseAuth */; };
		680F9C762F640FAA0014193B /* FirebaseFirestore in Frameworks */ = {isa = PBXBuildFile; productRef = 680F9C752F640FAA0014193B /* FirebaseFirestore */; };
		680F9C792F641CC80014193B /* RemindersRepository.swift in Sources */ = {isa = PBXBuildFile; fileRef = 680F9C782F641CC80014193B /* RemindersRepository.swift */; };
		680F9C7B2F6432250014193B /* ReminderError.swift in Sources */ = {isa = PBXBuildFile; fileRef = 680F9C7A2F6432250014193B /* ReminderError.swift */; };
/* End PBXBuildFile section */

/* Begin PBXFileReference section */
		680F9C422F63F9400014193B /* Make It So.app */ = {isa = PBXFileReference; explicitFileType = wrapper.application; includeInIndex = 0; path = "Make It So.app"; sourceTree = BUILT_PRODUCTS_DIR; };
		680F9C542F6404360014193B /* AddReminderView.swift */ = {isa = PBXFileReference; lastKnownFileType = sourcecode.swift; path = AddReminderView.swift; sourceTree = "<group>"; };
		680F9C552F6404360014193B /* Assets.xcassets */ = {isa = PBXFileReference; lastKnownFileType = folder.assetcatalog; path = Assets.xcassets; sourceTree = "<group>"; };
		680F9C562F6404360014193B /* RemindersListView.swift */ = {isa = PBXFileReference; lastKnownFileType = sourcecode.swift; path = RemindersListView.swift; sourceTree = "<group>"; };
		680F9C572F6404360014193B /* Make_It_SoApp.swift */ = {isa = PBXFileReference; lastKnownFileType = sourcecode.swift; path = Make_It_SoApp.swift; sourceTree = "<group>"; };
		680F9C582F6404360014193B /* Reminder.swift */ = {isa = PBXFileReference; lastKnownFileType = sourcecode.swift; path = Reminder.swift; sourceTree = "<group>"; };
		680F9C642F6404C80014193B /* RemindersListViewModel.swift */ = {isa = PBXFileReference; lastKnownFileType = sourcecode.swift; path = RemindersListViewModel.swift; sourceTree = "<group>"; };
		680F9C692F6407F40014193B /* ReminderRow.swift */ = {isa = PBXFileReference; lastKnownFileType = sourcecode.swift; path = ReminderRow.swift; sourceTree = "<group>"; };
		680F9C6C2F64097E0014193B /* ReminderToggleStyle.swift */ = {isa = PBXFileReference; lastKnownFileType = sourcecode.swift; path = ReminderToggleStyle.swift; sourceTree = "<group>"; };
		680F9C6E2F640DB20014193B /* GoogleService-Info.plist */ = {isa = PBXFileReference; lastKnownFileType = text.plist.xml; path = "GoogleService-Info.plist"; sourceTree = "<group>"; };
		680F9C782F641CC80014193B /* RemindersRepository.swift */ = {isa = PBXFileReference; lastKnownFileType = sourcecode.swift; path = RemindersRepository.swift; sourceTree = "<group>"; };
		680F9C7A2F6432250014193B /* ReminderError.swift */ = {isa = PBXFileReference; lastKnownFileType = sourcecode.swift; path = ReminderError.swift; sourceTree = "<group>"; };
/* End PBXFileReference section */

/* Begin PBXFrameworksBuildPhase section */
		680F9C3F2F63F9400014193B /* Frameworks */ = {
			isa = PBXFrameworksBuildPhase;
			buildActionMask = 2147483647;
			files = (
				680F9C722F640FAA0014193B /* FirebaseAnalytics in Frameworks */,
				680F9C742F640FAA0014193B /* FirebaseAuth in Frameworks */,
				680F9C762F640FAA0014193B /* FirebaseFirestore in Frameworks */,
			);
			runOnlyForDeploymentPostprocessing = 0;
		};
/* End PBXFrameworksBuildPhase section */

/* Begin PBXGroup section */
		680F9C392F63F9400014193B = {
			isa = PBXGroup;
			children = (
				680F9C592F6404360014193B /* Make It So */,
				680F9C432F63F9400014193B /* Products */,
			);
			sourceTree = "<group>";
		};
		680F9C432F63F9400014193B /* Products */ = {
			isa = PBXGroup;
			children = (
				680F9C422F63F9400014193B /* Make It So.app */,
			);
			name = Products;
			sourceTree = "<group>";
		};
		680F9C592F6404360014193B /* Make It So */ = {
			isa = PBXGroup;
			children = (
				680F9C5F2F6404400014193B /* Features */,
				680F9C552F6404360014193B /* Assets.xcassets */,
				680F9C6E2F640DB20014193B /* GoogleService-Info.plist */,
				680F9C572F6404360014193B /* Make_It_SoApp.swift */,
			);
			path = "Make It So";
			sourceTree = "<group>";
		};
		680F9C5F2F6404400014193B /* Features */ = {
			isa = PBXGroup;
			children = (
				680F9C602F6404480014193B /* Reminders */,
			);
			path = Features;
			sourceTree = "<group>";
		};
		680F9C602F6404480014193B /* Reminders */ = {
			isa = PBXGroup;
			children = (
				680F9C612F6404530014193B /* Models */,
				680F9C632F6404690014193B /* ViewModels */,
				680F9C622F6404610014193B /* Views */,
				680F9C6B2F64096E0014193B /* Styles */,
				680F9C772F641CAF0014193B /* Repositories */,
			);
			path = Reminders;
			sourceTree = "<group>";
		};
		680F9C612F6404530014193B /* Models */ = {
			isa = PBXGroup;
			children = (
				680F9C582F6404360014193B /* Reminder.swift */,
				680F9C7A2F6432250014193B /* ReminderError.swift */,
			);
			path = Models;
			sourceTree = "<group>";
		};
		680F9C622F6404610014193B /* Views */ = {
			isa = PBXGroup;
			children = (
				680F9C562F6404360014193B /* RemindersListView.swift */,
				680F9C542F6404360014193B /* AddReminderView.swift */,
				680F9C692F6407F40014193B /* ReminderRow.swift */,
			);
			path = Views;
			sourceTree = "<group>";
		};
		680F9C632F6404690014193B /* ViewModels */ = {
			isa = PBXGroup;
			children = (
				680F9C642F6404C80014193B /* RemindersListViewModel.swift */,
			);
			path = ViewModels;
			sourceTree = "<group>";
		};
		680F9C6B2F64096E0014193B /* Styles */ = {
			isa = PBXGroup;
			children = (
				680F9C6C2F64097E0014193B /* ReminderToggleStyle.swift */,
			);
			path = Styles;
			sourceTree = "<group>";
		};
		680F9C772F641CAF0014193B /* Repositories */ = {
			isa = PBXGroup;
			children = (
				680F9C782F641CC80014193B /* RemindersRepository.swift */,
			);
			path = Repositories;
			sourceTree = "<group>";
		};
/* End PBXGroup section */

/* Begin PBXNativeTarget section */
		680F9C412F63F9400014193B /* Make It So */ = {
			isa = PBXNativeTarget;
			buildConfigurationList = 680F9C4D2F63F9420014193B /* Build configuration list for PBXNativeTarget "Make It So" */;
			buildPhases = (
				680F9C3E2F63F9400014193B /* Sources */,
				680F9C3F2F63F9400014193B /* Frameworks */,
				680F9C402F63F9400014193B /* Resources */,
			);
			buildRules = (
			);
			dependencies = (
			);
			name = "Make It So";
			packageProductDependencies = (
				680F9C712F640FAA0014193B /* FirebaseAnalytics */,
				680F9C732F640FAA0014193B /* FirebaseAuth */,
				680F9C752F640FAA0014193B /* FirebaseFirestore */,
			);
			productName = "Make It So";
			productReference = 680F9C422F63F9400014193B /* Make It So.app */;
			productType = "com.apple.product-type.application";
		};
/* End PBXNativeTarget section */

/* Begin PBXProject section */
		680F9C3A2F63F9400014193B /* Project object */ = {
			isa = PBXProject;
			attributes = {
				BuildIndependentTargetsInParallel = 1;
				LastSwiftUpdateCheck = 2620;
				LastUpgradeCheck = 2620;
				TargetAttributes = {
					680F9C412F63F9400014193B = {
						CreatedOnToolsVersion = 26.2;
					};
				};
			};
			buildConfigurationList = 680F9C3D2F63F9400014193B /* Build configuration list for PBXProject "Make It So" */;
			developmentRegion = en;
			hasScannedForEncodings = 0;
			knownRegions = (
				en,
				Base,
			);
			mainGroup = 680F9C392F63F9400014193B;
			minimizedProjectReferenceProxies = 1;
			packageReferences = (
				680F9C702F640FAA0014193B /* XCRemoteSwiftPackageReference "firebase-ios-sdk" */,
			);
			preferredProjectObjectVersion = 77;
			productRefGroup = 680F9C432F63F9400014193B /* Products */;
			projectDirPath = "";
			projectRoot = "";
			targets = (
				680F9C412F63F9400014193B /* Make It So */,
			);
		};
/* End PBXProject section */

/* Begin PBXResourcesBuildPhase section */
		680F9C402F63F9400014193B /* Resources */ = {
			isa = PBXResourcesBuildPhase;
			buildActionMask = 2147483647;
			files = (
				680F9C5E2F6404360014193B /* Assets.xcassets in Resources */,
				680F9C6F2F640DB20014193B /* GoogleService-Info.plist in Resources */,
			);
			runOnlyForDeploymentPostprocessing = 0;
		};
/* End PBXResourcesBuildPhase section */

/* Begin PBXSourcesBuildPhase section */
		680F9C3E2F63F9400014193B /* Sources */ = {
			isa = PBXSourcesBuildPhase;
			buildActionMask = 2147483647;
			files = (
				680F9C6D2F64097E0014193B /* ReminderToggleStyle.swift in Sources */,
				680F9C652F6404C80014193B /* RemindersListViewModel.swift in Sources */,
				680F9C5A2F6404360014193B /* AddReminderView.swift in Sources */,
				680F9C6A2F6407F40014193B /* ReminderRow.swift in Sources */,
				680F9C5B2F6404360014193B /* RemindersListView.swift in Sources */,
				680F9C792F641CC80014193B /* RemindersRepository.swift in Sources */,
				680F9C5C2F6404360014193B /* Make_It_SoApp.swift in Sources */,
				680F9C5D2F6404360014193B /* Reminder.swift in Sources */,
				680F9C7B2F6432250014193B /* ReminderError.swift in Sources */,
			);
			runOnlyForDeploymentPostprocessing = 0;
		};
/* End PBXSourcesBuildPhase section */

/* Begin XCBuildConfiguration section */
		680F9C4B2F63F9420014193B /* Debug */ = {
			isa = XCBuildConfiguration;
			buildSettings = {
				ALWAYS_SEARCH_USER_PATHS = NO;
				ASSETCATALOG_COMPILER_GENERATE_SWIFT_ASSET_SYMBOL_EXTENSIONS = YES;
				CLANG_ANALYZER_NONNULL = YES;
				CLANG_ANALYZER_NUMBER_OBJECT_CONVERSION = YES_AGGRESSIVE;
				CLANG_CXX_LANGUAGE_STANDARD = "gnu++20";
				CLANG_ENABLE_MODULES = YES;
				CLANG_ENABLE_OBJC_ARC = YES;
				CLANG_ENABLE_OBJC_WEAK = YES;
				CLANG_WARN_BLOCK_CAPTURE_AUTORELEASING = YES;
				CLANG_WARN_BOOL_CONVERSION = YES;
				CLANG_WARN_COMMA = YES;
				CLANG_WARN_CONSTANT_CONVERSION = YES;
				CLANG_WARN_DEPRECATED_OBJC_IMPLEMENTATIONS = YES;
				CLANG_WARN_DIRECT_OBJC_ISA_USAGE = YES_ERROR;
				CLANG_WARN_DOCUMENTATION_COMMENTS = YES;
				CLANG_WARN_EMPTY_BODY = YES;
				CLANG_WARN_ENUM_CONVERSION = YES;
				CLANG_WARN_INFINITE_RECURSION = YES;
				CLANG_WARN_INT_CONVERSION = YES;
				CLANG_WARN_NON_LITERAL_NULL_CONVERSION = YES;
				CLANG_WARN_OBJC_IMPLICIT_RETAIN_SELF = YES;
				CLANG_WARN_OBJC_LITERAL_CONVERSION = YES;
				CLANG_WARN_OBJC_ROOT_CLASS = YES_ERROR;
				CLANG_WARN_QUOTED_INCLUDE_IN_FRAMEWORK_HEADER = YES;
				CLANG_WARN_RANGE_LOOP_ANALYSIS = YES;
				CLANG_WARN_STRICT_PROTOTYPES = YES;
				CLANG_WARN_SUSPICIOUS_MOVE = YES;
				CLANG_WARN_UNGUARDED_AVAILABILITY = YES_AGGRESSIVE;
				CLANG_WARN_UNREACHABLE_CODE = YES;
				CLANG_WARN__DUPLICATE_METHOD_MATCH = YES;
				COPY_PHASE_STRIP = NO;
				DEBUG_INFORMATION_FORMAT = dwarf;
				DEVELOPMENT_TEAM = F435NP2676;
				ENABLE_STRICT_OBJC_MSGSEND = YES;
				ENABLE_TESTABILITY = YES;
				ENABLE_USER_SCRIPT_SANDBOXING = YES;
				GCC_C_LANGUAGE_STANDARD = gnu17;
				GCC_DYNAMIC_NO_PIC = NO;
				GCC_NO_COMMON_BLOCKS = YES;
				GCC_OPTIMIZATION_LEVEL = 0;
				GCC_PREPROCESSOR_DEFINITIONS = (
					"DEBUG=1",
					"$(inherited)",
				);
				GCC_WARN_64_TO_32_BIT_CONVERSION = YES;
				GCC_WARN_ABOUT_RETURN_TYPE = YES_ERROR;
				GCC_WARN_UNDECLARED_SELECTOR = YES;
				GCC_WARN_UNINITIALIZED_AUTOS = YES_AGGRESSIVE;
				GCC_WARN_UNUSED_FUNCTION = YES;
				GCC_WARN_UNUSED_VARIABLE = YES;
				IPHONEOS_DEPLOYMENT_TARGET = 26.2;
				LOCALIZATION_PREFERS_STRING_CATALOGS = YES;
				MTL_ENABLE_DEBUG_INFO = INCLUDE_SOURCE;
				MTL_FAST_MATH = YES;
				ONLY_ACTIVE_ARCH = YES;
				SDKROOT = iphoneos;
				SWIFT_ACTIVE_COMPILATION_CONDITIONS = "DEBUG $(inherited)";
				SWIFT_OPTIMIZATION_LEVEL = "-Onone";
			};
			name = Debug;
		};
		680F9C4C2F63F9420014193B /* Release */ = {
			isa = XCBuildConfiguration;
			buildSettings = {
				ALWAYS_SEARCH_USER_PATHS = NO;
				ASSETCATALOG_COMPILER_GENERATE_SWIFT_ASSET_SYMBOL_EXTENSIONS = YES;
				CLANG_ANALYZER_NONNULL = YES;
				CLANG_ANALYZER_NUMBER_OBJECT_CONVERSION = YES_AGGRESSIVE;
				CLANG_CXX_LANGUAGE_STANDARD = "gnu++20";
				CLANG_ENABLE_MODULES = YES;
				CLANG_ENABLE_OBJC_ARC = YES;
				CLANG_ENABLE_OBJC_WEAK = YES;
				CLANG_WARN_BLOCK_CAPTURE_AUTORELEASING = YES;
				CLANG_WARN_BOOL_CONVERSION = YES;
				CLANG_WARN_COMMA = YES;
				CLANG_WARN_CONSTANT_CONVERSION = YES;
				CLANG_WARN_DEPRECATED_OBJC_IMPLEMENTATIONS = YES;
				CLANG_WARN_DIRECT_OBJC_ISA_USAGE = YES_ERROR;
				CLANG_WARN_DOCUMENTATION_COMMENTS = YES;
				CLANG_WARN_EMPTY_BODY = YES;
				CLANG_WARN_ENUM_CONVERSION = YES;
				CLANG_WARN_INFINITE_RECURSION = YES;
				CLANG_WARN_INT_CONVERSION = YES;
				CLANG_WARN_NON_LITERAL_NULL_CONVERSION = YES;
				CLANG_WARN_OBJC_IMPLICIT_RETAIN_SELF = YES;
				CLANG_WARN_OBJC_LITERAL_CONVERSION = YES;
				CLANG_WARN_OBJC_ROOT_CLASS = YES_ERROR;
				CLANG_WARN_QUOTED_INCLUDE_IN_FRAMEWORK_HEADER = YES;
				CLANG_WARN_RANGE_LOOP_ANALYSIS = YES;
				CLANG_WARN_STRICT_PROTOTYPES = YES;
				CLANG_WARN_SUSPICIOUS_MOVE = YES;
				CLANG_WARN_UNGUARDED_AVAILABILITY = YES_AGGRESSIVE;
				CLANG_WARN_UNREACHABLE_CODE = YES;
				CLANG_WARN__DUPLICATE_METHOD_MATCH = YES;
				COPY_PHASE_STRIP = NO;
				DEBUG_INFORMATION_FORMAT = "dwarf-with-dsym";
				DEVELOPMENT_TEAM = F435NP2676;
				ENABLE_NS_ASSERTIONS = NO;
				ENABLE_STRICT_OBJC_MSGSEND = YES;
				ENABLE_USER_SCRIPT_SANDBOXING = YES;
				GCC_C_LANGUAGE_STANDARD = gnu17;
				GCC_NO_COMMON_BLOCKS = YES;
				GCC_WARN_64_TO_32_BIT_CONVERSION = YES;
				GCC_WARN_ABOUT_RETURN_TYPE = YES_ERROR;
				GCC_WARN_UNDECLARED_SELECTOR = YES;
				GCC_WARN_UNINITIALIZED_AUTOS = YES_AGGRESSIVE;
				GCC_WARN_UNUSED_FUNCTION = YES;
				GCC_WARN_UNUSED_VARIABLE = YES;
				IPHONEOS_DEPLOYMENT_TARGET = 26.2;
				LOCALIZATION_PREFERS_STRING_CATALOGS = YES;
				MTL_ENABLE_DEBUG_INFO = NO;
				MTL_FAST_MATH = YES;
				SDKROOT = iphoneos;
				SWIFT_COMPILATION_MODE = wholemodule;
				VALIDATE_PRODUCT = YES;
			};
			name = Release;
		};
		680F9C4E2F63F9420014193B /* Debug */ = {
			isa = XCBuildConfiguration;
			buildSettings = {
				ASSETCATALOG_COMPILER_APPICON_NAME = AppIcon;
				ASSETCATALOG_COMPILER_GLOBAL_ACCENT_COLOR_NAME = AccentColor;
				CODE_SIGN_STYLE = Automatic;
				CURRENT_PROJECT_VERSION = 1;
				DEVELOPMENT_TEAM = F435NP2676;
				ENABLE_PREVIEWS = YES;
				GENERATE_INFOPLIST_FILE = YES;
				INFOPLIST_KEY_UIApplicationSceneManifest_Generation = YES;
				INFOPLIST_KEY_UIApplicationSupportsIndirectInputEvents = YES;
				INFOPLIST_KEY_UILaunchScreen_Generation = YES;
				INFOPLIST_KEY_UISupportedInterfaceOrientations_iPad = "UIInterfaceOrientationPortrait UIInterfaceOrientationPortraitUpsideDown UIInterfaceOrientationLandscapeLeft UIInterfaceOrientationLandscapeRight";
				INFOPLIST_KEY_UISupportedInterfaceOrientations_iPhone = "UIInterfaceOrientationPortrait UIInterfaceOrientationLandscapeLeft UIInterfaceOrientationLandscapeRight";
				LD_RUNPATH_SEARCH_PATHS = (
					"$(inherited)",
					"@executable_path/Frameworks",
				);
				MARKETING_VERSION = 1.0;
				PRODUCT_BUNDLE_IDENTIFIER = "com.juliencotte.Make-It-So";
				PRODUCT_NAME = "$(TARGET_NAME)";
				STRING_CATALOG_GENERATE_SYMBOLS = YES;
				SWIFT_APPROACHABLE_CONCURRENCY = YES;
				SWIFT_DEFAULT_ACTOR_ISOLATION = MainActor;
				SWIFT_EMIT_LOC_STRINGS = YES;
				SWIFT_UPCOMING_FEATURE_MEMBER_IMPORT_VISIBILITY = YES;
				SWIFT_VERSION = 5.0;
				TARGETED_DEVICE_FAMILY = "1,2";
			};
			name = Debug;
		};
		680F9C4F2F63F9420014193B /* Release */ = {
			isa = XCBuildConfiguration;
			buildSettings = {
				ASSETCATALOG_COMPILER_APPICON_NAME = AppIcon;
				ASSETCATALOG_COMPILER_GLOBAL_ACCENT_COLOR_NAME = AccentColor;
				CODE_SIGN_STYLE = Automatic;
				CURRENT_PROJECT_VERSION = 1;
				DEVELOPMENT_TEAM = F435NP2676;
				ENABLE_PREVIEWS = YES;
				GENERATE_INFOPLIST_FILE = YES;
				INFOPLIST_KEY_UIApplicationSceneManifest_Generation = YES;
				INFOPLIST_KEY_UIApplicationSupportsIndirectInputEvents = YES;
				INFOPLIST_KEY_UILaunchScreen_Generation = YES;
				INFOPLIST_KEY_UISupportedInterfaceOrientations_iPad = "UIInterfaceOrientationPortrait UIInterfaceOrientationPortraitUpsideDown UIInterfaceOrientationLandscapeLeft UIInterfaceOrientationLandscapeRight";
				INFOPLIST_KEY_UISupportedInterfaceOrientations_iPhone = "UIInterfaceOrientationPortrait UIInterfaceOrientationLandscapeLeft UIInterfaceOrientationLandscapeRight";
				LD_RUNPATH_SEARCH_PATHS = (
					"$(inherited)",
					"@executable_path/Frameworks",
				);
				MARKETING_VERSION = 1.0;
				PRODUCT_BUNDLE_IDENTIFIER = "com.juliencotte.Make-It-So";
				PRODUCT_NAME = "$(TARGET_NAME)";
				STRING_CATALOG_GENERATE_SYMBOLS = YES;
				SWIFT_APPROACHABLE_CONCURRENCY = YES;
				SWIFT_DEFAULT_ACTOR_ISOLATION = MainActor;
				SWIFT_EMIT_LOC_STRINGS = YES;
				SWIFT_UPCOMING_FEATURE_MEMBER_IMPORT_VISIBILITY = YES;
				SWIFT_VERSION = 5.0;
				TARGETED_DEVICE_FAMILY = "1,2";
			};
			name = Release;
		};
/* End XCBuildConfiguration section */

/* Begin XCConfigurationList section */
		680F9C3D2F63F9400014193B /* Build configuration list for PBXProject "Make It So" */ = {
			isa = XCConfigurationList;
			buildConfigurations = (
				680F9C4B2F63F9420014193B /* Debug */,
				680F9C4C2F63F9420014193B /* Release */,
			);
			defaultConfigurationIsVisible = 0;
			defaultConfigurationName = Release;
		};
		680F9C4D2F63F9420014193B /* Build configuration list for PBXNativeTarget "Make It So" */ = {
			isa = XCConfigurationList;
			buildConfigurations = (
				680F9C4E2F63F9420014193B /* Debug */,
				680F9C4F2F63F9420014193B /* Release */,
			);
			defaultConfigurationIsVisible = 0;
			defaultConfigurationName = Release;
		};
/* End XCConfigurationList section */

/* Begin XCRemoteSwiftPackageReference section */
		680F9C702F640FAA0014193B /* XCRemoteSwiftPackageReference "firebase-ios-sdk" */ = {
			isa = XCRemoteSwiftPackageReference;
			repositoryURL = "https://github.com/firebase/firebase-ios-sdk";
			requirement = {
				kind = upToNextMajorVersion;
				minimumVersion = 12.10.0;
			};
		};
/* End XCRemoteSwiftPackageReference section */

/* Begin XCSwiftPackageProductDependency section */
		680F9C712F640FAA0014193B /* FirebaseAnalytics */ = {
			isa = XCSwiftPackageProductDependency;
			package = 680F9C702F640FAA0014193B /* XCRemoteSwiftPackageReference "firebase-ios-sdk" */;
			productName = FirebaseAnalytics;
		};
		680F9C732F640FAA0014193B /* FirebaseAuth */ = {
			isa = XCSwiftPackageProductDependency;
			package = 680F9C702F640FAA0014193B /* XCRemoteSwiftPackageReference "firebase-ios-sdk" */;
			productName = FirebaseAuth;
		};
		680F9C752F640FAA0014193B /* FirebaseFirestore */ = {
			isa = XCSwiftPackageProductDependency;
			package = 680F9C702F640FAA0014193B /* XCRemoteSwiftPackageReference "firebase-ios-sdk" */;
			productName = FirebaseFirestore;
		};
/* End XCSwiftPackageProductDependency section */
	};
	rootObject = 680F9C3A2F63F9400014193B /* Project object */;
}
